
Microsoft Visual Studio Solution File, Format Version 12.00
Project("{FAE04EC0-301F-11D3-BF4B-00C04F79EFBC}") = "LaMa.Via.Auctus.Domain", "LaMa.Via.Auctus.Domain\LaMa.Via.Auctus.Domain.csproj", "{E17440DA-F116-4FFF-A2DF-4373D68CA34B}"
EndProject
Project("{FAE04EC0-301F-11D3-BF4B-00C04F79EFBC}") = "LaMa.Via.Auctus.Domain.Tests", "LaMa.Via.Auctus.Domain.Tests\LaMa.Via.Auctus.Domain.Tests.csproj", "{CF1A00DA-6FB4-4E55-820E-0B4855504B00}"
EndProject
Project("{FAE04EC0-301F-11D3-BF4B-00C04F79EFBC}") = "LaMa.Via.Auctus.Application", "LaMa.Via.Auctus.Application\LaMa.Via.Auctus.Application.csproj", "{1B6BF388-6F67-4B0E-95B2-D4263524C15B}"
EndProject
Project("{FAE04EC0-301F-11D3-BF4B-00C04F79EFBC}") = "LaMa.Via.Auctus.Application.Tests", "LaMa.Via.Auctus.Application.Tests\LaMa.Via.Auctus.Application.Tests.csproj", "{CBE1CA9F-29A6-4A6A-9E57-3598EE0A836A}"
EndProject
Project("{FAE04EC0-301F-11D3-BF4B-00C04F79EFBC}") = "LaMa.Via.Auctus.Infrastructure", "LaMa.Via.Auctus.Infrastructure\LaMa.Via.Auctus.Infrastructure.csproj", "{E5726A7B-81C6-414F-94A5-6D5DCB039407}"
EndProject
Project("{2150E333-8FDC-42A3-9474-1A3956D46DE8}") = "Helpers", "Helpers", "{48BA36A3-97B0-47E0-AC58-82C7A633F03F}"
EndProject
Project("{FAE04EC0-301F-11D3-BF4B-00C04F79EFBC}") = "LaMa.Via.Auctus.Console", "LaMa.Via.Auctus.Console\LaMa.Via.Auctus.Console.csproj", "{14FC7357-A9BA-471A-9572-F8F765B7EB89}"
EndProject
Project("{2150E333-8FDC-42A3-9474-1A3956D46DE8}") = "Solution Items", "Solution Items", "{65329B19-300A-4B16-B452-FC97AADF585A}"
	ProjectSection(SolutionItems) = preProject
		docker-compose.yml = docker-compose.yml
		.dockerignore = .dockerignore
		..\azure-pipelines.yml = ..\azure-pipelines.yml
		..\.gitignore = ..\.gitignore
		Directory.Packages.props = Directory.Packages.props
	EndProjectSection
EndProject
Project("{FAE04EC0-301F-11D3-BF4B-00C04F79EFBC}") = "LaMa.Via.Auctus.Architecture.Tests", "LaMa.Via.Auctus.Architecture.Tests\LaMa.Via.Auctus.Architecture.Tests.csproj", "{BDD3221E-3A43-4B7D-9EE4-4A3A7D85D14B}"
EndProject
Project("{FAE04EC0-301F-11D3-BF4B-00C04F79EFBC}") = "LaMa.Via.Auctus.Infrastructure.Tests", "LaMa.Via.Auctus.Infrastructure.Tests\LaMa.Via.Auctus.Infrastructure.Tests.csproj", "{CE53780B-5E43-4AE6-9951-3A72476ABD5E}"
EndProject
Project("{FAE04EC0-301F-11D3-BF4B-00C04F79EFBC}") = "LaMa.Via.Auctus.Api", "LaMa.Via.Auctus.Api\LaMa.Via.Auctus.Api.csproj", "{1A618ABE-100E-4178-9BF7-8E15DBC73707}"
EndProject
Project("{2150E333-8FDC-42A3-9474-1A3956D46DE8}") = "Tests", "Tests", "{3BF1410D-2921-46F3-96B1-A3CFBD5FF77A}"
EndProject
Global
	GlobalSection(SolutionConfigurationPlatforms) = preSolution
		Debug|Any CPU = Debug|Any CPU
		Release|Any CPU = Release|Any CPU
	EndGlobalSection
	GlobalSection(ProjectConfigurationPlatforms) = postSolution
		{E17440DA-F116-4FFF-A2DF-4373D68CA34B}.Debug|Any CPU.ActiveCfg = Debug|Any CPU
		{E17440DA-F116-4FFF-A2DF-4373D68CA34B}.Debug|Any CPU.Build.0 = Debug|Any CPU
		{E17440DA-F116-4FFF-A2DF-4373D68CA34B}.Release|Any CPU.ActiveCfg = Release|Any CPU
		{E17440DA-F116-4FFF-A2DF-4373D68CA34B}.Release|Any CPU.Build.0 = Release|Any CPU
		{CF1A00DA-6FB4-4E55-820E-0B4855504B00}.Debug|Any CPU.ActiveCfg = Debug|Any CPU
		{CF1A00DA-6FB4-4E55-820E-0B4855504B00}.Debug|Any CPU.Build.0 = Debug|Any CPU
		{CF1A00DA-6FB4-4E55-820E-0B4855504B00}.Release|Any CPU.ActiveCfg = Release|Any CPU
		{CF1A00DA-6FB4-4E55-820E-0B4855504B00}.Release|Any CPU.Build.0 = Release|Any CPU
		{1B6BF388-6F67-4B0E-95B2-D4263524C15B}.Debug|Any CPU.ActiveCfg = Debug|Any CPU
		{1B6BF388-6F67-4B0E-95B2-D4263524C15B}.Debug|Any CPU.Build.0 = Debug|Any CPU
		{1B6BF388-6F67-4B0E-95B2-D4263524C15B}.Release|Any CPU.ActiveCfg = Release|Any CPU
		{1B6BF388-6F67-4B0E-95B2-D4263524C15B}.Release|Any CPU.Build.0 = Release|Any CPU
		{CBE1CA9F-29A6-4A6A-9E57-3598EE0A836A}.Debug|Any CPU.ActiveCfg = Debug|Any CPU
		{CBE1CA9F-29A6-4A6A-9E57-3598EE0A836A}.Debug|Any CPU.Build.0 = Debug|Any CPU
		{CBE1CA9F-29A6-4A6A-9E57-3598EE0A836A}.Release|Any CPU.ActiveCfg = Release|Any CPU
		{CBE1CA9F-29A6-4A6A-9E57-3598EE0A836A}.Release|Any CPU.Build.0 = Release|Any CPU
		{E5726A7B-81C6-414F-94A5-6D5DCB039407}.Debug|Any CPU.ActiveCfg = Debug|Any CPU
		{E5726A7B-81C6-414F-94A5-6D5DCB039407}.Debug|Any CPU.Build.0 = Debug|Any CPU
		{E5726A7B-81C6-414F-94A5-6D5DCB039407}.Release|Any CPU.ActiveCfg = Release|Any CPU
		{E5726A7B-81C6-414F-94A5-6D5DCB039407}.Release|Any CPU.Build.0 = Release|Any CPU
		{14FC7357-A9BA-471A-9572-F8F765B7EB89}.Debug|Any CPU.ActiveCfg = Debug|Any CPU
		{14FC7357-A9BA-471A-9572-F8F765B7EB89}.Debug|Any CPU.Build.0 = Debug|Any CPU
		{14FC7357-A9BA-471A-9572-F8F765B7EB89}.Release|Any CPU.ActiveCfg = Release|Any CPU
		{14FC7357-A9BA-471A-9572-F8F765B7EB89}.Release|Any CPU.Build.0 = Release|Any CPU
		{BDD3221E-3A43-4B7D-9EE4-4A3A7D85D14B}.Debug|Any CPU.ActiveCfg = Debug|Any CPU
		{BDD3221E-3A43-4B7D-9EE4-4A3A7D85D14B}.Debug|Any CPU.Build.0 = Debug|Any CPU
		{BDD3221E-3A43-4B7D-9EE4-4A3A7D85D14B}.Release|Any CPU.ActiveCfg = Release|Any CPU
		{BDD3221E-3A43-4B7D-9EE4-4A3A7D85D14B}.Release|Any CPU.Build.0 = Release|Any CPU
		{CE53780B-5E43-4AE6-9951-3A72476ABD5E}.Debug|Any CPU.ActiveCfg = Debug|Any CPU
		{CE53780B-5E43-4AE6-9951-3A72476ABD5E}.Debug|Any CPU.Build.0 = Debug|Any CPU
		{CE53780B-5E43-4AE6-9951-3A72476ABD5E}.Release|Any CPU.ActiveCfg = Release|Any CPU
		{CE53780B-5E43-4AE6-9951-3A72476ABD5E}.Release|Any CPU.Build.0 = Release|Any CPU
		{1A618ABE-100E-4178-9BF7-8E15DBC73707}.Debug|Any CPU.ActiveCfg = Debug|Any CPU
		{1A618ABE-100E-4178-9BF7-8E15DBC73707}.Debug|Any CPU.Build.0 = Debug|Any CPU
		{1A618ABE-100E-4178-9BF7-8E15DBC73707}.Release|Any CPU.ActiveCfg = Release|Any CPU
		{1A618ABE-100E-4178-9BF7-8E15DBC73707}.Release|Any CPU.Build.0 = Release|Any CPU
	EndGlobalSection
	GlobalSection(NestedProjects) = preSolution
		{14FC7357-A9BA-471A-9572-F8F765B7EB89} = {48BA36A3-97B0-47E0-AC58-82C7A633F03F}
		{CBE1CA9F-29A6-4A6A-9E57-3598EE0A836A} = {3BF1410D-2921-46F3-96B1-A3CFBD5FF77A}
		{BDD3221E-3A43-4B7D-9EE4-4A3A7D85D14B} = {3BF1410D-2921-46F3-96B1-A3CFBD5FF77A}
		{CF1A00DA-6FB4-4E55-820E-0B4855504B00} = {3BF1410D-2921-46F3-96B1-A3CFBD5FF77A}
		{CE53780B-5E43-4AE6-9951-3A72476ABD5E} = {3BF1410D-2921-46F3-96B1-A3CFBD5FF77A}
	EndGlobalSection
EndGlobal
